
Microsoft Visual Studio Solution File, Format Version 12.00
# Visual Studio 15
Project("{FAE04EC0-301F-11D3-BF4B-00C04F79EFBC}") = "ARTHING", "ARTHING.csproj", "{211307F8-6722-09F6-7447-4B416C8B04BC}"
EndProject
Project("{FAE04EC0-301F-11D3-BF4B-00C04F79EFBC}") = "ARTHING.Editor", "ARTHING.Editor.csproj", "{23E82FA0-284E-BD12-1144-065EEFB262A3}"
EndProject
Global
	GlobalSection(SolutionConfigurationPlatforms) = preSolution
		Debug|Any CPU = Debug|Any CPU
		Release|Any CPU = Release|Any CPU
	EndGlobalSection
	GlobalSection(ProjectConfigurationPlatforms) = postSolution
		{211307F8-6722-09F6-7447-4B416C8B04BC}.Debug|Any CPU.ActiveCfg = Debug|Any CPU
		{211307F8-6722-09F6-7447-4B416C8B04BC}.Debug|Any CPU.Build.0 = Debug|Any CPU
		{211307F8-6722-09F6-7447-4B416C8B04BC}.Release|Any CPU.ActiveCfg = Release|Any CPU
		{211307F8-6722-09F6-7447-4B416C8B04BC}.Release|Any CPU.Build.0 = Release|Any CPU
		{23E82FA0-284E-BD12-1144-065EEFB262A3}.Debug|Any CPU.ActiveCfg = Debug|Any CPU
		{23E82FA0-284E-BD12-1144-065EEFB262A3}.Debug|Any CPU.Build.0 = Debug|Any CPU
		{23E82FA0-284E-BD12-1144-065EEFB262A3}.Release|Any CPU.ActiveCfg = Release|Any CPU
		{23E82FA0-284E-BD12-1144-065EEFB262A3}.Release|Any CPU.Build.0 = Release|Any CPU
	EndGlobalSection
	GlobalSection(SolutionProperties) = preSolution
		HideSolutionNode = FALSE
	EndGlobalSection
EndGlobal
